
Microsoft Visual Studio Solution File, Format Version 12.00
# Visual Studio 2012
Project("{2150E333-8FDC-42A3-9474-1A3956D46DE8}") = "Solution Items", "Solution Items", "{C0A8BDDE-A89F-4341-8912-A7C05E5CC25F}"
EndProject
Project("{2150E333-8FDC-42A3-9474-1A3956D46DE8}") = "Build Package", "Build Package", "{0F945291-F264-44AF-9C6A-B1BB0B9E785E}"
	ProjectSection(SolutionItems) = preProject
		Build\package.build.cmd = Build\package.build.cmd
		Build\package.build.xml = Build\package.build.xml
		Build\package.xml = Build\package.xml
		Build\readme.txt = Build\readme.txt
	EndProjectSection
EndProject
Project("{2150E333-8FDC-42A3-9474-1A3956D46DE8}") = "Umbraco Assemblies", "Umbraco Assemblies", "{04F1C33F-EF3D-4F85-90B6-D258F06752D7}"
EndProject
Project("{FAE04EC0-301F-11D3-BF4B-00C04F79EFBC}") = "Our.Umbraco.PhpMacroEngine", "Src\Our.Umbraco.PhpMacroEngine\Our.Umbraco.PhpMacroEngine.csproj", "{D5A06C6E-B5EF-4945-8886-6BBC163F6B9A}"
EndProject
Project("{2150E333-8FDC-42A3-9474-1A3956D46DE8}") = ".nuget", ".nuget", "{7A03AD13-02A4-49FE-BD57-D5FB203F7110}"
	ProjectSection(SolutionItems) = preProject
		.nuget\NuGet.Config = .nuget\NuGet.Config
		.nuget\NuGet.exe = .nuget\NuGet.exe
		.nuget\NuGet.targets = .nuget\NuGet.targets
	EndProjectSection
EndProject
Global
	GlobalSection(SolutionConfigurationPlatforms) = preSolution
		Debug|Any CPU = Debug|Any CPU
		Release|Any CPU = Release|Any CPU
	EndGlobalSection
	GlobalSection(ProjectConfigurationPlatforms) = postSolution
		{D5A06C6E-B5EF-4945-8886-6BBC163F6B9A}.Debug|Any CPU.ActiveCfg = Debug|Any CPU
		{D5A06C6E-B5EF-4945-8886-6BBC163F6B9A}.Debug|Any CPU.Build.0 = Debug|Any CPU
		{D5A06C6E-B5EF-4945-8886-6BBC163F6B9A}.Release|Any CPU.ActiveCfg = Release|Any CPU
		{D5A06C6E-B5EF-4945-8886-6BBC163F6B9A}.Release|Any CPU.Build.0 = Release|Any CPU
	EndGlobalSection
	GlobalSection(SolutionProperties) = preSolution
		HideSolutionNode = FALSE
	EndGlobalSection
	GlobalSection(NestedProjects) = preSolution
		{0F945291-F264-44AF-9C6A-B1BB0B9E785E} = {C0A8BDDE-A89F-4341-8912-A7C05E5CC25F}
		{04F1C33F-EF3D-4F85-90B6-D258F06752D7} = {C0A8BDDE-A89F-4341-8912-A7C05E5CC25F}
		{7A03AD13-02A4-49FE-BD57-D5FB203F7110} = {C0A8BDDE-A89F-4341-8912-A7C05E5CC25F}
	EndGlobalSection
EndGlobal
